
Microsoft Visual Studio Solution File, Format Version 12.00
# Visual Studio 2017
Project("{FAE04EC0-301F-11D3-BF4B-00C04F79EFBC}") = "BankScraper", "BankScraper.csproj", "{8C2AF21F-806A-4921-93EB-4C21D5C1F635}"
EndProject
Global
	GlobalSection(SolutionConfigurationPlatforms) = preSolution
		Debug|Any CPU = Debug|Any CPU
		Release|Any CPU = Release|Any CPU
	EndGlobalSection
	GlobalSection(ProjectConfigurationPlatforms) = postSolution
		{8C2AF21F-806A-4921-93EB-4C21D5C1F635}.Debug|Any CPU.ActiveCfg = Debug|Any CPU
		{8C2AF21F-806A-4921-93EB-4C21D5C1F635}.Debug|Any CPU.Build.0 = Debug|Any CPU
		{8C2AF21F-806A-4921-93EB-4C21D5C1F635}.Release|Any CPU.ActiveCfg = Release|Any CPU
		{8C2AF21F-806A-4921-93EB-4C21D5C1F635}.Release|Any CPU.Build.0 = Release|Any CPU
	EndGlobalSection
	GlobalSection(MonoDevelopProperties) = preSolution
		Policies = $0
		$0.DotNetNamingPolicy = $1
		$1.DirectoryNamespaceAssociation = PrefixedHierarchical
		$0.StandardHeader = $2
		$0.VersionControlPolicy = $3
	EndGlobalSection
EndGlobal
